
Microsoft Visual Studio Solution File, Format Version 12.00
# Visual Studio Version 18
VisualStudioVersion = 18.0.11222.15
MinimumVisualStudioVersion = 10.0.40219.1
Project("{FAE04EC0-301F-11D3-BF4B-00C04F79EFBC}") = "eDIAN.Service", "eDIAN.Service\eDIAN.Service.csproj", "{5DCEBEA2-AC39-4DF8-B152-D0A5CAE96C0E}"
	ProjectSection(ProjectDependencies) = postProject
		{122C2AFD-17ED-4BC7-B2E4-E297D3234D8E} = {122C2AFD-17ED-4BC7-B2E4-E297D3234D8E}
		{DADB24FE-C762-4161-9127-DD1C667AE3E9} = {DADB24FE-C762-4161-9127-DD1C667AE3E9}
	EndProjectSection
EndProject
Project("{FAE04EC0-301F-11D3-BF4B-00C04F79EFBC}") = "eDIAN.Service.Core", "eDIAN.Service.Core\eDIAN.Service.Core.csproj", "{91B3669B-7350-4247-9E5A-6B5AB85A3415}"
EndProject
Project("{FAE04EC0-301F-11D3-BF4B-00C04F79EFBC}") = "eDIAN.Main", "eDIAN.Main\eDIAN.Main.csproj", "{57072F68-82EB-4C94-8F2E-12A60E2278D2}"
	ProjectSection(ProjectDependencies) = postProject
		{122C2AFD-17ED-4BC7-B2E4-E297D3234D8E} = {122C2AFD-17ED-4BC7-B2E4-E297D3234D8E}
		{C8F4A2B1-3E5D-4F7A-9B2C-1D4E6F8A0B2C} = {C8F4A2B1-3E5D-4F7A-9B2C-1D4E6F8A0B2C}
		{5DCEBEA2-AC39-4DF8-B152-D0A5CAE96C0E} = {5DCEBEA2-AC39-4DF8-B152-D0A5CAE96C0E}
		{91B3669B-7350-4247-9E5A-6B5AB85A3415} = {91B3669B-7350-4247-9E5A-6B5AB85A3415}
		{DADB24FE-C762-4161-9127-DD1C667AE3E9} = {DADB24FE-C762-4161-9127-DD1C667AE3E9}
	EndProjectSection
EndProject
Project("{54435603-DBB4-11D2-8724-00A0C9A8B90C}") = "eDIAN.Setup", "eDIAN.Setup\eDIAN.Setup.vdproj", "{799D8FCD-B701-FAA8-C113-40813D167C18}"
EndProject
Project("{FAE04EC0-301F-11D3-BF4B-00C04F79EFBC}") = "eDIAN.Core", "eDIAN.Core\eDIAN.Core.csproj", "{122C2AFD-17ED-4BC7-B2E4-E297D3234D8E}"
	ProjectSection(ProjectDependencies) = postProject
		{DADB24FE-C762-4161-9127-DD1C667AE3E9} = {DADB24FE-C762-4161-9127-DD1C667AE3E9}
	EndProjectSection
EndProject
Project("{FAE04EC0-301F-11D3-BF4B-00C04F79EFBC}") = "eDIAN.Data", "eDIAN.Data\eDIAN.Data.csproj", "{DADB24FE-C762-4161-9127-DD1C667AE3E9}"
EndProject
Project("{FAE04EC0-301F-11D3-BF4B-00C04F79EFBC}") = "eDIAN.Hook", "eDIAN.Hook\eDIAN.Hook.csproj", "{C8F4A2B1-3E5D-4F7A-9B2C-1D4E6F8A0B2C}"
	ProjectSection(ProjectDependencies) = postProject
		{122C2AFD-17ED-4BC7-B2E4-E297D3234D8E} = {122C2AFD-17ED-4BC7-B2E4-E297D3234D8E}
		{DADB24FE-C762-4161-9127-DD1C667AE3E9} = {DADB24FE-C762-4161-9127-DD1C667AE3E9}
	EndProjectSection
EndProject
Project("{8BC9CEB8-8B4A-11D0-8D11-00A0C91BC942}") = "eDIAN.Hook.Native", "eDIAN.Hook.Native\eDIAN.Hook.Native.vcxproj", "{A3D73E1B-9A4B-4E7B-9A4B-4E7B9A4B4E7B}"
EndProject
Global
	GlobalSection(SolutionConfigurationPlatforms) = preSolution
		Debug|x64 = Debug|x64
		Release|x64 = Release|x64
	EndGlobalSection
	GlobalSection(ProjectConfigurationPlatforms) = postSolution
		{5DCEBEA2-AC39-4DF8-B152-D0A5CAE96C0E}.Debug|x64.ActiveCfg = Debug|x64
		{5DCEBEA2-AC39-4DF8-B152-D0A5CAE96C0E}.Debug|x64.Build.0 = Debug|x64
		{5DCEBEA2-AC39-4DF8-B152-D0A5CAE96C0E}.Release|x64.ActiveCfg = Release|x64
		{5DCEBEA2-AC39-4DF8-B152-D0A5CAE96C0E}.Release|x64.Build.0 = Release|x64
		{91B3669B-7350-4247-9E5A-6B5AB85A3415}.Debug|x64.ActiveCfg = Debug|x64
		{91B3669B-7350-4247-9E5A-6B5AB85A3415}.Debug|x64.Build.0 = Debug|x64
		{91B3669B-7350-4247-9E5A-6B5AB85A3415}.Release|x64.ActiveCfg = Release|x64
		{91B3669B-7350-4247-9E5A-6B5AB85A3415}.Release|x64.Build.0 = Release|x64
		{57072F68-82EB-4C94-8F2E-12A60E2278D2}.Debug|x64.ActiveCfg = Debug|x64
		{57072F68-82EB-4C94-8F2E-12A60E2278D2}.Debug|x64.Build.0 = Debug|x64
		{57072F68-82EB-4C94-8F2E-12A60E2278D2}.Release|x64.ActiveCfg = Release|x64
		{57072F68-82EB-4C94-8F2E-12A60E2278D2}.Release|x64.Build.0 = Release|x64
		{799D8FCD-B701-FAA8-C113-40813D167C18}.Debug|x64.ActiveCfg = Debug
		{799D8FCD-B701-FAA8-C113-40813D167C18}.Release|x64.ActiveCfg = Release
		{122C2AFD-17ED-4BC7-B2E4-E297D3234D8E}.Debug|x64.ActiveCfg = Debug|x64
		{122C2AFD-17ED-4BC7-B2E4-E297D3234D8E}.Debug|x64.Build.0 = Debug|x64
		{122C2AFD-17ED-4BC7-B2E4-E297D3234D8E}.Release|x64.ActiveCfg = Release|x64
		{122C2AFD-17ED-4BC7-B2E4-E297D3234D8E}.Release|x64.Build.0 = Release|x64
		{DADB24FE-C762-4161-9127-DD1C667AE3E9}.Debug|x64.ActiveCfg = Debug|x64
		{DADB24FE-C762-4161-9127-DD1C667AE3E9}.Debug|x64.Build.0 = Debug|x64
		{DADB24FE-C762-4161-9127-DD1C667AE3E9}.Release|x64.ActiveCfg = Release|x64
		{DADB24FE-C762-4161-9127-DD1C667AE3E9}.Release|x64.Build.0 = Release|x64
		{C8F4A2B1-3E5D-4F7A-9B2C-1D4E6F8A0B2C}.Debug|x64.ActiveCfg = Debug|x64
		{C8F4A2B1-3E5D-4F7A-9B2C-1D4E6F8A0B2C}.Debug|x64.Build.0 = Debug|x64
		{C8F4A2B1-3E5D-4F7A-9B2C-1D4E6F8A0B2C}.Release|x64.ActiveCfg = Release|x64
		{C8F4A2B1-3E5D-4F7A-9B2C-1D4E6F8A0B2C}.Release|x64.Build.0 = Release|x64
		{A3D73E1B-9A4B-4E7B-9A4B-4E7B9A4B4E7B}.Debug|x64.ActiveCfg = Debug|x64
		{A3D73E1B-9A4B-4E7B-9A4B-4E7B9A4B4E7B}.Debug|x64.Build.0 = Debug|x64
		{A3D73E1B-9A4B-4E7B-9A4B-4E7B9A4B4E7B}.Release|x64.ActiveCfg = Release|x64
		{A3D73E1B-9A4B-4E7B-9A4B-4E7B9A4B4E7B}.Release|x64.Build.0 = Release|x64
	EndGlobalSection
	GlobalSection(SolutionProperties) = preSolution
		HideSolutionNode = FALSE
	EndGlobalSection
	GlobalSection(ExtensibilityGlobals) = postSolution
		SolutionGuid = {DE8B731E-60E7-4F1E-AC6B-C0A767DDC642}
	EndGlobalSection
EndGlobal
